
Microsoft Visual Studio Solution File, Format Version 12.00
# Visual Studio Version 17
VisualStudioVersion = 17.4.33110.190
MinimumVisualStudioVersion = 10.0.40219.1
Project("{FAE04EC0-301F-11D3-BF4B-00C04F79EFBC}") = "3", "-1-9-\3.csproj", "{4EA00A21-3803-46CE-BDEF-FA828E39EA0A}"
EndProject
Project("{FAE04EC0-301F-11D3-BF4B-00C04F79EFBC}") = "1", "1\1.csproj", "{A79CBFFF-6C93-42BD-8C70-B43DF33FBA5A}"
EndProject
Project("{FAE04EC0-301F-11D3-BF4B-00C04F79EFBC}") = "2", "2\2.csproj", "{C4ACC8A9-C10A-4B18-B76B-5B26D55A8061}"
EndProject
Project("{FAE04EC0-301F-11D3-BF4B-00C04F79EFBC}") = "4", "4\4.csproj", "{FD3FA662-2325-40CA-B2F6-F0E0036D1CC1}"
EndProject
Project("{FAE04EC0-301F-11D3-BF4B-00C04F79EFBC}") = "5", "5\5.csproj", "{2BCFB7DF-9640-443E-A9F9-659B78B7F49D}"
EndProject
Project("{FAE04EC0-301F-11D3-BF4B-00C04F79EFBC}") = "6", "6\6.csproj", "{E9C0692E-EDCE-4B7C-8073-BE6996BAA987}"
EndProject
Project("{FAE04EC0-301F-11D3-BF4B-00C04F79EFBC}") = "7", "7\7.csproj", "{3D276AF7-4AF3-4EF6-8D1B-D2D6AA74C8D3}"
EndProject
Project("{FAE04EC0-301F-11D3-BF4B-00C04F79EFBC}") = "8", "8\8.csproj", "{FEC6645E-07F2-431B-AFC5-1EE3F265EF2F}"
EndProject
Project("{FAE04EC0-301F-11D3-BF4B-00C04F79EFBC}") = "9", "9\9.csproj", "{130F7331-6EB6-4EB0-BA52-2614B11AD290}"
EndProject
Project("{FAE04EC0-301F-11D3-BF4B-00C04F79EFBC}") = "10", "10\10.csproj", "{C000E1AD-101B-4718-AF66-5F5E546F7E45}"
EndProject
Global
	GlobalSection(SolutionConfigurationPlatforms) = preSolution
		Debug|Any CPU = Debug|Any CPU
		Release|Any CPU = Release|Any CPU
	EndGlobalSection
	GlobalSection(ProjectConfigurationPlatforms) = postSolution
		{4EA00A21-3803-46CE-BDEF-FA828E39EA0A}.Debug|Any CPU.ActiveCfg = Debug|Any CPU
		{4EA00A21-3803-46CE-BDEF-FA828E39EA0A}.Debug|Any CPU.Build.0 = Debug|Any CPU
		{4EA00A21-3803-46CE-BDEF-FA828E39EA0A}.Release|Any CPU.ActiveCfg = Release|Any CPU
		{4EA00A21-3803-46CE-BDEF-FA828E39EA0A}.Release|Any CPU.Build.0 = Release|Any CPU
		{A79CBFFF-6C93-42BD-8C70-B43DF33FBA5A}.Debug|Any CPU.ActiveCfg = Debug|Any CPU
		{A79CBFFF-6C93-42BD-8C70-B43DF33FBA5A}.Debug|Any CPU.Build.0 = Debug|Any CPU
		{A79CBFFF-6C93-42BD-8C70-B43DF33FBA5A}.Release|Any CPU.ActiveCfg = Release|Any CPU
		{A79CBFFF-6C93-42BD-8C70-B43DF33FBA5A}.Release|Any CPU.Build.0 = Release|Any CPU
		{C4ACC8A9-C10A-4B18-B76B-5B26D55A8061}.Debug|Any CPU.ActiveCfg = Debug|Any CPU
		{C4ACC8A9-C10A-4B18-B76B-5B26D55A8061}.Debug|Any CPU.Build.0 = Debug|Any CPU
		{C4ACC8A9-C10A-4B18-B76B-5B26D55A8061}.Release|Any CPU.ActiveCfg = Release|Any CPU
		{C4ACC8A9-C10A-4B18-B76B-5B26D55A8061}.Release|Any CPU.Build.0 = Release|Any CPU
		{FD3FA662-2325-40CA-B2F6-F0E0036D1CC1}.Debug|Any CPU.ActiveCfg = Debug|Any CPU
		{FD3FA662-2325-40CA-B2F6-F0E0036D1CC1}.Debug|Any CPU.Build.0 = Debug|Any CPU
		{FD3FA662-2325-40CA-B2F6-F0E0036D1CC1}.Release|Any CPU.ActiveCfg = Release|Any CPU
		{FD3FA662-2325-40CA-B2F6-F0E0036D1CC1}.Release|Any CPU.Build.0 = Release|Any CPU
		{2BCFB7DF-9640-443E-A9F9-659B78B7F49D}.Debug|Any CPU.ActiveCfg = Debug|Any CPU
		{2BCFB7DF-9640-443E-A9F9-659B78B7F49D}.Debug|Any CPU.Build.0 = Debug|Any CPU
		{2BCFB7DF-9640-443E-A9F9-659B78B7F49D}.Release|Any CPU.ActiveCfg = Release|Any CPU
		{2BCFB7DF-9640-443E-A9F9-659B78B7F49D}.Release|Any CPU.Build.0 = Release|Any CPU
		{E9C0692E-EDCE-4B7C-8073-BE6996BAA987}.Debug|Any CPU.ActiveCfg = Debug|Any CPU
		{E9C0692E-EDCE-4B7C-8073-BE6996BAA987}.Debug|Any CPU.Build.0 = Debug|Any CPU
		{E9C0692E-EDCE-4B7C-8073-BE6996BAA987}.Release|Any CPU.ActiveCfg = Release|Any CPU
		{E9C0692E-EDCE-4B7C-8073-BE6996BAA987}.Release|Any CPU.Build.0 = Release|Any CPU
		{3D276AF7-4AF3-4EF6-8D1B-D2D6AA74C8D3}.Debug|Any CPU.ActiveCfg = Debug|Any CPU
		{3D276AF7-4AF3-4EF6-8D1B-D2D6AA74C8D3}.Debug|Any CPU.Build.0 = Debug|Any CPU
		{3D276AF7-4AF3-4EF6-8D1B-D2D6AA74C8D3}.Release|Any CPU.ActiveCfg = Release|Any CPU
		{3D276AF7-4AF3-4EF6-8D1B-D2D6AA74C8D3}.Release|Any CPU.Build.0 = Release|Any CPU
		{FEC6645E-07F2-431B-AFC5-1EE3F265EF2F}.Debug|Any CPU.ActiveCfg = Debug|Any CPU
		{FEC6645E-07F2-431B-AFC5-1EE3F265EF2F}.Debug|Any CPU.Build.0 = Debug|Any CPU
		{FEC6645E-07F2-431B-AFC5-1EE3F265EF2F}.Release|Any CPU.ActiveCfg = Release|Any CPU
		{FEC6645E-07F2-431B-AFC5-1EE3F265EF2F}.Release|Any CPU.Build.0 = Release|Any CPU
		{130F7331-6EB6-4EB0-BA52-2614B11AD290}.Debug|Any CPU.ActiveCfg = Debug|Any CPU
		{130F7331-6EB6-4EB0-BA52-2614B11AD290}.Debug|Any CPU.Build.0 = Debug|Any CPU
		{130F7331-6EB6-4EB0-BA52-2614B11AD290}.Release|Any CPU.ActiveCfg = Release|Any CPU
		{130F7331-6EB6-4EB0-BA52-2614B11AD290}.Release|Any CPU.Build.0 = Release|Any CPU
		{C000E1AD-101B-4718-AF66-5F5E546F7E45}.Debug|Any CPU.ActiveCfg = Debug|Any CPU
		{C000E1AD-101B-4718-AF66-5F5E546F7E45}.Debug|Any CPU.Build.0 = Debug|Any CPU
		{C000E1AD-101B-4718-AF66-5F5E546F7E45}.Release|Any CPU.ActiveCfg = Release|Any CPU
		{C000E1AD-101B-4718-AF66-5F5E546F7E45}.Release|Any CPU.Build.0 = Release|Any CPU
	EndGlobalSection
	GlobalSection(SolutionProperties) = preSolution
		HideSolutionNode = FALSE
	EndGlobalSection
	GlobalSection(ExtensibilityGlobals) = postSolution
		SolutionGuid = {F5B46E82-B385-4F62-8912-EEEC312A83BE}
	EndGlobalSection
EndGlobal
